PODS:
  - Alamofire (4.0.0-beta.2)

DEPENDENCIES:
  - Alamofire (from `https://github.com/Alamofire/Alamofire.git`, branch `swift3`)

EXTERNAL SOURCES:
  Alamofire:
    :branch: swift3
    :git: https://github.com/Alamofire/Alamofire.git

CHECKOUT OPTIONS:
  Alamofire:
    :commit: 1589afd23322d269ab0519cd15d17f88fbda259e
    :git: https://github.com/Alamofire/Alamofire.git

SPEC CHECKSUMS:
  Alamofire: 7f837be535fe424db2b87d9117f13836939719ca

PODFILE CHECKSUM: 4b280a725b2efe4b676a57abb82f55e16c3dbea2

COCOAPODS: 1.0.1
